// !$*UTF8*$!
{
	archiveVersion = 1;
	classes = {
	};
	objectVersion = 56;
	objects = {

/* Begin PBXBuildFile section */
		A7EF6F1529F00A6300BCE6B6 /* AppDelegate.swift in Sources */ = {isa = PBXBuildFile; fileRef = A7EF6F1429F00A6300BCE6B6 /* AppDelegate.swift */; };
		A7EF6F1729F00A6300BCE6B6 /* SceneDelegate.swift in Sources */ = {isa = PBXBuildFile; fileRef = A7EF6F1629F00A6300BCE6B6 /* SceneDelegate.swift */; };
		A7EF6F1929F00A6300BCE6B6 /* PincodeViewController.swift in Sources */ = {isa = PBXBuildFile; fileRef = A7EF6F1829F00A6300BCE6B6 /* PincodeViewController.swift */; };
		A7EF6F1C29F00A6300BCE6B6 /* Main.storyboard in Resources */ = {isa = PBXBuildFile; fileRef = A7EF6F1A29F00A6300BCE6B6 /* Main.storyboard */; };
		A7EF6F1E29F00A6400BCE6B6 /* Assets.xcassets in Resources */ = {isa = PBXBuildFile; fileRef = A7EF6F1D29F00A6400BCE6B6 /* Assets.xcassets */; };
		A7EF6F2129F00A6400BCE6B6 /* LaunchScreen.storyboard in Resources */ = {isa = PBXBuildFile; fileRef = A7EF6F1F29F00A6400BCE6B6 /* LaunchScreen.storyboard */; };
		A7EF6F2C29F00A6500BCE6B6 /* PincodeTests.swift in Sources */ = {isa = PBXBuildFile; fileRef = A7EF6F2B29F00A6500BCE6B6 /* PincodeTests.swift */; };
		A7EF6F3629F00A6500BCE6B6 /* PincodeUITests.swift in Sources */ = {isa = PBXBuildFile; fileRef = A7EF6F3529F00A6500BCE6B6 /* PincodeUITests.swift */; };
		A7EF6F3829F00A6500BCE6B6 /* PincodeUITestsLaunchTests.swift in Sources */ = {isa = PBXBuildFile; fileRef = A7EF6F3729F00A6500BCE6B6 /* PincodeUITestsLaunchTests.swift */; };
		A7EF6F4729F0100C00BCE6B6 /* PincodeViewModel.swift in Sources */ = {isa = PBXBuildFile; fileRef = A7EF6F4629F0100C00BCE6B6 /* PincodeViewModel.swift */; };
/* End PBXBuildFile section */

/* Begin PBXContainerItemProxy section */
		A7EF6F2829F00A6500BCE6B6 /* PBXContainerItemProxy */ = {
			isa = PBXContainerItemProxy;
			containerPortal = A7EF6F0929F00A6300BCE6B6 /* Project object */;
			proxyType = 1;
			remoteGlobalIDString = A7EF6F1029F00A6300BCE6B6;
			remoteInfo = Pincode;
		};
		A7EF6F3229F00A6500BCE6B6 /* PBXContainerItemProxy */ = {
			isa = PBXContainerItemProxy;
			containerPortal = A7EF6F0929F00A6300BCE6B6 /* Project object */;
			proxyType = 1;
			remoteGlobalIDString = A7EF6F1029F00A6300BCE6B6;
			remoteInfo = Pincode;
		};
/* End PBXContainerItemProxy section */

/* Begin PBXFileReference section */
		A7EF6F1129F00A6300BCE6B6 /* Pincode.app */ = {isa = PBXFileReference; explicitFileType = wrapper.application; includeInIndex = 0; path = Pincode.app; sourceTree = BUILT_PRODUCTS_DIR; };
		A7EF6F1429F00A6300BCE6B6 /* AppDelegate.swift */ = {isa = PBXFileReference; lastKnownFileType = sourcecode.swift; path = AppDelegate.swift; sourceTree = "<group>"; };
		A7EF6F1629F00A6300BCE6B6 /* SceneDelegate.swift */ = {isa = PBXFileReference; lastKnownFileType = sourcecode.swift; path = SceneDelegate.swift; sourceTree = "<group>"; };
		A7EF6F1829F00A6300BCE6B6 /* PincodeViewController.swift */ = {isa = PBXFileReference; lastKnownFileType = sourcecode.swift; path = PincodeViewController.swift; sourceTree = "<group>"; };
		A7EF6F1B29F00A6300BCE6B6 /* Base */ = {isa = PBXFileReference; lastKnownFileType = file.storyboard; name = Base; path = Base.lproj/Main.storyboard; sourceTree = "<group>"; };
		A7EF6F1D29F00A6400BCE6B6 /* Assets.xcassets */ = {isa = PBXFileReference; lastKnownFileType = folder.assetcatalog; path = Assets.xcassets; sourceTree = "<group>"; };
		A7EF6F2029F00A6400BCE6B6 /* Base */ = {isa = PBXFileReference; lastKnownFileType = file.storyboard; name = Base; path = Base.lproj/LaunchScreen.storyboard; sourceTree = "<group>"; };
		A7EF6F2229F00A6400BCE6B6 /* Info.plist */ = {isa = PBXFileReference; lastKnownFileType = text.plist.xml; path = Info.plist; sourceTree = "<group>"; };
		A7EF6F2729F00A6500BCE6B6 /* PincodeTests.xctest */ = {isa = PBXFileReference; explicitFileType = wrapper.cfbundle; includeInIndex = 0; path = PincodeTests.xctest; sourceTree = BUILT_PRODUCTS_DIR; };
		A7EF6F2B29F00A6500BCE6B6 /* PincodeTests.swift */ = {isa = PBXFileReference; lastKnownFileType = sourcecode.swift; path = PincodeTests.swift; sourceTree = "<group>"; };
		A7EF6F3129F00A6500BCE6B6 /* PincodeUITests.xctest */ = {isa = PBXFileReference; explicitFileType = wrapper.cfbundle; includeInIndex = 0; path = PincodeUITests.xctest; sourceTree = BUILT_PRODUCTS_DIR; };
		A7EF6F3529F00A6500BCE6B6 /* PincodeUITests.swift */ = {isa = PBXFileReference; lastKnownFileType = sourcecode.swift; path = PincodeUITests.swift; sourceTree = "<group>"; };
		A7EF6F3729F00A6500BCE6B6 /* PincodeUITestsLaunchTests.swift */ = {isa = PBXFileReference; lastKnownFileType = sourcecode.swift; path = PincodeUITestsLaunchTests.swift; sourceTree = "<group>"; };
		A7EF6F4629F0100C00BCE6B6 /* PincodeViewModel.swift */ = {isa = PBXFileReference; lastKnownFileType = sourcecode.swift; path = PincodeViewModel.swift; sourceTree = "<group>"; };
/* End PBXFileReference section */

/* Begin PBXFrameworksBuildPhase section */
		A7EF6F0E29F00A6300BCE6B6 /* Frameworks */ = {
			isa = PBXFrameworksBuildPhase;
			buildActionMask = 2147483647;
			files = (
			);
			runOnlyForDeploymentPostprocessing = 0;
		};
		A7EF6F2429F00A6500BCE6B6 /* Frameworks */ = {
			isa = PBXFrameworksBuildPhase;
			buildActionMask = 2147483647;
			files = (
			);
			runOnlyForDeploymentPostprocessing = 0;
		};
		A7EF6F2E29F00A6500BCE6B6 /* Frameworks */ = {
			isa = PBXFrameworksBuildPhase;
			buildActionMask = 2147483647;
			files = (
			);
			runOnlyForDeploymentPostprocessing = 0;
		};
/* End PBXFrameworksBuildPhase section */

/* Begin PBXGroup section */
		A7EF6F0829F00A6300BCE6B6 = {
			isa = PBXGroup;
			children = (
				A7EF6F1329F00A6300BCE6B6 /* Pincode */,
				A7EF6F2A29F00A6500BCE6B6 /* PincodeTests */,
				A7EF6F3429F00A6500BCE6B6 /* PincodeUITests */,
				A7EF6F1229F00A6300BCE6B6 /* Products */,
			);
			sourceTree = "<group>";
		};
		A7EF6F1229F00A6300BCE6B6 /* Products */ = {
			isa = PBXGroup;
			children = (
				A7EF6F1129F00A6300BCE6B6 /* Pincode.app */,
				A7EF6F2729F00A6500BCE6B6 /* PincodeTests.xctest */,
				A7EF6F3129F00A6500BCE6B6 /* PincodeUITests.xctest */,
			);
			name = Products;
			sourceTree = "<group>";
		};
		A7EF6F1329F00A6300BCE6B6 /* Pincode */ = {
			isa = PBXGroup;
			children = (
				A7EF6F4529F00AD500BCE6B6 /* View */,
				A7EF6F4429F00A7700BCE6B6 /* ViewModel */,
				A7EF6F1429F00A6300BCE6B6 /* AppDelegate.swift */,
				A7EF6F1629F00A6300BCE6B6 /* SceneDelegate.swift */,
				A7EF6F1D29F00A6400BCE6B6 /* Assets.xcassets */,
				A7EF6F1F29F00A6400BCE6B6 /* LaunchScreen.storyboard */,
				A7EF6F2229F00A6400BCE6B6 /* Info.plist */,
			);
			path = Pincode;
			sourceTree = "<group>";
		};
		A7EF6F2A29F00A6500BCE6B6 /* PincodeTests */ = {
			isa = PBXGroup;
			children = (
				A7EF6F2B29F00A6500BCE6B6 /* PincodeTests.swift */,
			);
			path = PincodeTests;
			sourceTree = "<group>";
		};
		A7EF6F3429F00A6500BCE6B6 /* PincodeUITests */ = {
			isa = PBXGroup;
			children = (
				A7EF6F3529F00A6500BCE6B6 /* PincodeUITests.swift */,
				A7EF6F3729F00A6500BCE6B6 /* PincodeUITestsLaunchTests.swift */,
			);
			path = PincodeUITests;
			sourceTree = "<group>";
		};
		A7EF6F4429F00A7700BCE6B6 /* ViewModel */ = {
			isa = PBXGroup;
			children = (
				A7EF6F4629F0100C00BCE6B6 /* PincodeViewModel.swift */,
			);
			path = ViewModel;
			sourceTree = "<group>";
		};
		A7EF6F4529F00AD500BCE6B6 /* View */ = {
			isa = PBXGroup;
			children = (
				A7EF6F1A29F00A6300BCE6B6 /* Main.storyboard */,
				A7EF6F1829F00A6300BCE6B6 /* PincodeViewController.swift */,
			);
			path = View;
			sourceTree = "<group>";
		};
/* End PBXGroup section */

/* Begin PBXNativeTarget section */
		A7EF6F1029F00A6300BCE6B6 /* Pincode */ = {
			isa = PBXNativeTarget;
			buildConfigurationList = A7EF6F3B29F00A6500BCE6B6 /* Build configuration list for PBXNativeTarget "Pincode" */;
			buildPhases = (
				A7EF6F0D29F00A6300BCE6B6 /* Sources */,
				A7EF6F0E29F00A6300BCE6B6 /* Frameworks */,
				A7EF6F0F29F00A6300BCE6B6 /* Resources */,
			);
			buildRules = (
			);
			dependencies = (
			);
			name = Pincode;
			productName = Pincode;
			productReference = A7EF6F1129F00A6300BCE6B6 /* Pincode.app */;
			productType = "com.apple.product-type.application";
		};
		A7EF6F2629F00A6500BCE6B6 /* PincodeTests */ = {
			isa = PBXNativeTarget;
			buildConfigurationList = A7EF6F3E29F00A6500BCE6B6 /* Build configuration list for PBXNativeTarget "PincodeTests" */;
			buildPhases = (
				A7EF6F2329F00A6500BCE6B6 /* Sources */,
				A7EF6F2429F00A6500BCE6B6 /* Frameworks */,
				A7EF6F2529F00A6500BCE6B6 /* Resources */,
			);
			buildRules = (
			);
			dependencies = (
				A7EF6F2929F00A6500BCE6B6 /* PBXTargetDependency */,
			);
			name = PincodeTests;
			productName = PincodeTests;
			productReference = A7EF6F2729F00A6500BCE6B6 /* PincodeTests.xctest */;
			productType = "com.apple.product-type.bundle.unit-test";
		};
		A7EF6F3029F00A6500BCE6B6 /* PincodeUITests */ = {
			isa = PBXNativeTarget;
			buildConfigurationList = A7EF6F4129F00A6500BCE6B6 /* Build configuration list for PBXNativeTarget "PincodeUITests" */;
			buildPhases = (
				A7EF6F2D29F00A6500BCE6B6 /* Sources */,
				A7EF6F2E29F00A6500BCE6B6 /* Frameworks */,
				A7EF6F2F29F00A6500BCE6B6 /* Resources */,
			);
			buildRules = (
			);
			dependencies = (
				A7EF6F3329F00A6500BCE6B6 /* PBXTargetDependency */,
			);
			name = PincodeUITests;
			productName = PincodeUITests;
			productReference = A7EF6F3129F00A6500BCE6B6 /* PincodeUITests.xctest */;
			productType = "com.apple.product-type.bundle.ui-testing";
		};
/* End PBXNativeTarget section */

/* Begin PBXProject section */
		A7EF6F0929F00A6300BCE6B6 /* Project object */ = {
			isa = PBXProject;
			attributes = {
				BuildIndependentTargetsInParallel = 1;
				LastSwiftUpdateCheck = 1420;
				LastUpgradeCheck = 1420;
				TargetAttributes = {
					A7EF6F1029F00A6300BCE6B6 = {
						CreatedOnToolsVersion = 14.2;
					};
					A7EF6F2629F00A6500BCE6B6 = {
						CreatedOnToolsVersion = 14.2;
						TestTargetID = A7EF6F1029F00A6300BCE6B6;
					};
					A7EF6F3029F00A6500BCE6B6 = {
						CreatedOnToolsVersion = 14.2;
						TestTargetID = A7EF6F1029F00A6300BCE6B6;
					};
				};
			};
			buildConfigurationList = A7EF6F0C29F00A6300BCE6B6 /* Build configuration list for PBXProject "Pincode" */;
			compatibilityVersion = "Xcode 14.0";
			developmentRegion = en;
			hasScannedForEncodings = 0;
			knownRegions = (
				en,
				Base,
			);
			mainGroup = A7EF6F0829F00A6300BCE6B6;
			productRefGroup = A7EF6F1229F00A6300BCE6B6 /* Products */;
			projectDirPath = "";
			projectRoot = "";
			targets = (
				A7EF6F1029F00A6300BCE6B6 /* Pincode */,
				A7EF6F2629F00A6500BCE6B6 /* PincodeTests */,
				A7EF6F3029F00A6500BCE6B6 /* PincodeUITests */,
			);
		};
/* End PBXProject section */

/* Begin PBXResourcesBuildPhase section */
		A7EF6F0F29F00A6300BCE6B6 /* Resources */ = {
			isa = PBXResourcesBuildPhase;
			buildActionMask = 2147483647;
			files = (
				A7EF6F2129F00A6400BCE6B6 /* LaunchScreen.storyboard in Resources */,
				A7EF6F1E29F00A6400BCE6B6 /* Assets.xcassets in Resources */,
				A7EF6F1C29F00A6300BCE6B6 /* Main.storyboard in Resources */,
			);
			runOnlyForDeploymentPostprocessing = 0;
		};
		A7EF6F2529F00A6500BCE6B6 /* Resources */ = {
			isa = PBXResourcesBuildPhase;
			buildActionMask = 2147483647;
			files = (
			);
			runOnlyForDeploymentPostprocessing = 0;
		};
		A7EF6F2F29F00A6500BCE6B6 /* Resources */ = {
			isa = PBXResourcesBuildPhase;
			buildActionMask = 2147483647;
			files = (
			);
			runOnlyForDeploymentPostprocessing = 0;
		};
/* End PBXResourcesBuildPhase section */

/* Begin PBXSourcesBuildPhase section */
		A7EF6F0D29F00A6300BCE6B6 /* Sources */ = {
			isa = PBXSourcesBuildPhase;
			buildActionMask = 2147483647;
			files = (
				A7EF6F1929F00A6300BCE6B6 /* PincodeViewController.swift in Sources */,
				A7EF6F1529F00A6300BCE6B6 /* AppDelegate.swift in Sources */,
				A7EF6F1729F00A6300BCE6B6 /* SceneDelegate.swift in Sources */,
				A7EF6F4729F0100C00BCE6B6 /* PincodeViewModel.swift in Sources */,
			);
			runOnlyForDeploymentPostprocessing = 0;
		};
		A7EF6F2329F00A6500BCE6B6 /* Sources */ = {
			isa = PBXSourcesBuildPhase;
			buildActionMask = 2147483647;
			files = (
				A7EF6F2C29F00A6500BCE6B6 /* PincodeTests.swift in Sources */,
			);
			runOnlyForDeploymentPostprocessing = 0;
		};
		A7EF6F2D29F00A6500BCE6B6 /* Sources */ = {
			isa = PBXSourcesBuildPhase;
			buildActionMask = 2147483647;
			files = (
				A7EF6F3629F00A6500BCE6B6 /* PincodeUITests.swift in Sources */,
				A7EF6F3829F00A6500BCE6B6 /* PincodeUITestsLaunchTests.swift in Sources */,
			);
			runOnlyForDeploymentPostprocessing = 0;
		};
/* End PBXSourcesBuildPhase section */

/* Begin PBXTargetDependency section */
		A7EF6F2929F00A6500BCE6B6 /* PBXTargetDependency */ = {
			isa = PBXTargetDependency;
			target = A7EF6F1029F00A6300BCE6B6 /* Pincode */;
			targetProxy = A7EF6F2829F00A6500BCE6B6 /* PBXContainerItemProxy */;
		};
		A7EF6F3329F00A6500BCE6B6 /* PBXTargetDependency */ = {
			isa = PBXTargetDependency;
			target = A7EF6F1029F00A6300BCE6B6 /* Pincode */;
			targetProxy = A7EF6F3229F00A6500BCE6B6 /* PBXContainerItemProxy */;
		};
/* End PBXTargetDependency section */

/* Begin PBXVariantGroup section */
		A7EF6F1A29F00A6300BCE6B6 /* Main.storyboard */ = {
			isa = PBXVariantGroup;
			children = (
				A7EF6F1B29F00A6300BCE6B6 /* Base */,
			);
			name = Main.storyboard;
			sourceTree = "<group>";
		};
		A7EF6F1F29F00A6400BCE6B6 /* LaunchScreen.storyboard */ = {
			isa = PBXVariantGroup;
			children = (
				A7EF6F2029F00A6400BCE6B6 /* Base */,
			);
			name = LaunchScreen.storyboard;
			sourceTree = "<group>";
		};
/* End PBXVariantGroup section */

/* Begin XCBuildConfiguration section */
		A7EF6F3929F00A6500BCE6B6 /* Debug */ = {
			isa = XCBuildConfiguration;
			buildSettings = {
				ALWAYS_SEARCH_USER_PATHS = NO;
				CLANG_ANALYZER_NONNULL = YES;
				CLANG_ANALYZER_NUMBER_OBJECT_CONVERSION = YES_AGGRESSIVE;
				CLANG_CXX_LANGUAGE_STANDARD = "gnu++20";
				CLANG_ENABLE_MODULES = YES;
				CLANG_ENABLE_OBJC_ARC = YES;
				CLANG_ENABLE_OBJC_WEAK = YES;
				CLANG_WARN_BLOCK_CAPTURE_AUTORELEASING = YES;
				CLANG_WARN_BOOL_CONVERSION = YES;
				CLANG_WARN_COMMA = YES;
				CLANG_WARN_CONSTANT_CONVERSION = YES;
				CLANG_WARN_DEPRECATED_OBJC_IMPLEMENTATIONS = YES;
				CLANG_WARN_DIRECT_OBJC_ISA_USAGE = YES_ERROR;
				CLANG_WARN_DOCUMENTATION_COMMENTS = YES;
				CLANG_WARN_EMPTY_BODY = YES;
				CLANG_WARN_ENUM_CONVERSION = YES;
				CLANG_WARN_INFINITE_RECURSION = YES;
				CLANG_WARN_INT_CONVERSION = YES;
				CLANG_WARN_NON_LITERAL_NULL_CONVERSION = YES;
				CLANG_WARN_OBJC_IMPLICIT_RETAIN_SELF = YES;
				CLANG_WARN_OBJC_LITERAL_CONVERSION = YES;
				CLANG_WARN_OBJC_ROOT_CLASS = YES_ERROR;
				CLANG_WARN_QUOTED_INCLUDE_IN_FRAMEWORK_HEADER = YES;
				CLANG_WARN_RANGE_LOOP_ANALYSIS = YES;
				CLANG_WARN_STRICT_PROTOTYPES = YES;
				CLANG_WARN_SUSPICIOUS_MOVE = YES;
				CLANG_WARN_UNGUARDED_AVAILABILITY = YES_AGGRESSIVE;
				CLANG_WARN_UNREACHABLE_CODE = YES;
				CLANG_WARN__DUPLICATE_METHOD_MATCH = YES;
				COPY_PHASE_STRIP = NO;
				DEBUG_INFORMATION_FORMAT = dwarf;
				ENABLE_STRICT_OBJC_MSGSEND = YES;
				ENABLE_TESTABILITY = YES;
				GCC_C_LANGUAGE_STANDARD = gnu11;
				GCC_DYNAMIC_NO_PIC = NO;
				GCC_NO_COMMON_BLOCKS = YES;
				GCC_OPTIMIZATION_LEVEL = 0;
				GCC_PREPROCESSOR_DEFINITIONS = (
					"DEBUG=1",
					"$(inherited)",
				);
				GCC_WARN_64_TO_32_BIT_CONVERSION = YES;
				GCC_WARN_ABOUT_RETURN_TYPE = YES_ERROR;
				GCC_WARN_UNDECLARED_SELECTOR = YES;
				GCC_WARN_UNINITIALIZED_AUTOS = YES_AGGRESSIVE;
				GCC_WARN_UNUSED_FUNCTION = YES;
				GCC_WARN_UNUSED_VARIABLE = YES;
				IPHONEOS_DEPLOYMENT_TARGET = 16.2;
				MTL_ENABLE_DEBUG_INFO = INCLUDE_SOURCE;
				MTL_FAST_MATH = YES;
				ONLY_ACTIVE_ARCH = YES;
				SDKROOT = iphoneos;
				SWIFT_ACTIVE_COMPILATION_CONDITIONS = DEBUG;
				SWIFT_OPTIMIZATION_LEVEL = "-Onone";
			};
			name = Debug;
		};
		A7EF6F3A29F00A6500BCE6B6 /* Release */ = {
			isa = XCBuildConfiguration;
			buildSettings = {
				ALWAYS_SEARCH_USER_PATHS = NO;
				CLANG_ANALYZER_NONNULL = YES;
				CLANG_ANALYZER_NUMBER_OBJECT_CONVERSION = YES_AGGRESSIVE;
				CLANG_CXX_LANGUAGE_STANDARD = "gnu++20";
				CLANG_ENABLE_MODULES = YES;
				CLANG_ENABLE_OBJC_ARC = YES;
				CLANG_ENABLE_OBJC_WEAK = YES;
				CLANG_WARN_BLOCK_CAPTURE_AUTORELEASING = YES;
				CLANG_WARN_BOOL_CONVERSION = YES;
				CLANG_WARN_COMMA = YES;
				CLANG_WARN_CONSTANT_CONVERSION = YES;
				CLANG_WARN_DEPRECATED_OBJC_IMPLEMENTATIONS = YES;
				CLANG_WARN_DIRECT_OBJC_ISA_USAGE = YES_ERROR;
				CLANG_WARN_DOCUMENTATION_COMMENTS = YES;
				CLANG_WARN_EMPTY_BODY = YES;
				CLANG_WARN_ENUM_CONVERSION = YES;
				CLANG_WARN_INFINITE_RECURSION = YES;
				CLANG_WARN_INT_CONVERSION = YES;
				CLANG_WARN_NON_LITERAL_NULL_CONVERSION = YES;
				CLANG_WARN_OBJC_IMPLICIT_RETAIN_SELF = YES;
				CLANG_WARN_OBJC_LITERAL_CONVERSION = YES;
				CLANG_WARN_OBJC_ROOT_CLASS = YES_ERROR;
				CLANG_WARN_QUOTED_INCLUDE_IN_FRAMEWORK_HEADER = YES;
				CLANG_WARN_RANGE_LOOP_ANALYSIS = YES;
				CLANG_WARN_STRICT_PROTOTYPES = YES;
				CLANG_WARN_SUSPICIOUS_MOVE = YES;
				CLANG_WARN_UNGUARDED_AVAILABILITY = YES_AGGRESSIVE;
				CLANG_WARN_UNREACHABLE_CODE = YES;
				CLANG_WARN__DUPLICATE_METHOD_MATCH = YES;
				COPY_PHASE_STRIP = NO;
				DEBUG_INFORMATION_FORMAT = "dwarf-with-dsym";
				ENABLE_NS_ASSERTIONS = NO;
				ENABLE_STRICT_OBJC_MSGSEND = YES;
				GCC_C_LANGUAGE_STANDARD = gnu11;
				GCC_NO_COMMON_BLOCKS = YES;
				GCC_WARN_64_TO_32_BIT_CONVERSION = YES;
				GCC_WARN_ABOUT_RETURN_TYPE = YES_ERROR;
				GCC_WARN_UNDECLARED_SELECTOR = YES;
				GCC_WARN_UNINITIALIZED_AUTOS = YES_AGGRESSIVE;
				GCC_WARN_UNUSED_FUNCTION = YES;
				GCC_WARN_UNUSED_VARIABLE = YES;
				IPHONEOS_DEPLOYMENT_TARGET = 16.2;
				MTL_ENABLE_DEBUG_INFO = NO;
				MTL_FAST_MATH = YES;
				SDKROOT = iphoneos;
				SWIFT_COMPILATION_MODE = wholemodule;
				SWIFT_OPTIMIZATION_LEVEL = "-O";
				VALIDATE_PRODUCT = YES;
			};
			name = Release;
		};
		A7EF6F3C29F00A6500BCE6B6 /* Debug */ = {
			isa = XCBuildConfiguration;
			buildSettings = {
				ASSETCATALOG_COMPILER_APPICON_NAME = AppIcon;
				ASSETCATALOG_COMPILER_GLOBAL_ACCENT_COLOR_NAME = AccentColor;
				CODE_SIGN_STYLE = Automatic;
				CURRENT_PROJECT_VERSION = 1;
				GENERATE_INFOPLIST_FILE = YES;
				INFOPLIST_FILE = Pincode/Info.plist;
				INFOPLIST_KEY_UIApplicationSupportsIndirectInputEvents = YES;
				INFOPLIST_KEY_UILaunchStoryboardName = LaunchScreen;
				INFOPLIST_KEY_UIMainStoryboardFile = Main;
				INFOPLIST_KEY_UISupportedInterfaceOrientations_iPad = "UIInterfaceOrientationPortrait UIInterfaceOrientationPortraitUpsideDown UIInterfaceOrientationLandscapeLeft UIInterfaceOrientationLandscapeRight";
				INFOPLIST_KEY_UISupportedInterfaceOrientations_iPhone = "UIInterfaceOrientationPortrait UIInterfaceOrientationLandscapeLeft UIInterfaceOrientationLandscapeRight";
				LD_RUNPATH_SEARCH_PATHS = (
					"$(inherited)",
					"@executable_path/Frameworks",
				);
				MARKETING_VERSION = 1.0;
				PRODUCT_BUNDLE_IDENTIFIER = anan.Pincode;
				PRODUCT_NAME = "$(TARGET_NAME)";
				SWIFT_EMIT_LOC_STRINGS = YES;
				SWIFT_VERSION = 5.0;
				TARGETED_DEVICE_FAMILY = "1,2";
			};
			name = Debug;
		};
		A7EF6F3D29F00A6500BCE6B6 /* Release */ = {
			isa = XCBuildConfiguration;
			buildSettings = {
				ASSETCATALOG_COMPILER_APPICON_NAME = AppIcon;
				ASSETCATALOG_COMPILER_GLOBAL_ACCENT_COLOR_NAME = AccentColor;
				CODE_SIGN_STYLE = Automatic;
				CURRENT_PROJECT_VERSION = 1;
				GENERATE_INFOPLIST_FILE = YES;
				INFOPLIST_FILE = Pincode/Info.plist;
				INFOPLIST_KEY_UIApplicationSupportsIndirectInputEvents = YES;
				INFOPLIST_KEY_UILaunchStoryboardName = LaunchScreen;
				INFOPLIST_KEY_UIMainStoryboardFile = Main;
				INFOPLIST_KEY_UISupportedInterfaceOrientations_iPad = "UIInterfaceOrientationPortrait UIInterfaceOrientationPortraitUpsideDown UIInterfaceOrientationLandscapeLeft UIInterfaceOrientationLandscapeRight";
				INFOPLIST_KEY_UISupportedInterfaceOrientations_iPhone = "UIInterfaceOrientationPortrait UIInterfaceOrientationLandscapeLeft UIInterfaceOrientationLandscapeRight";
				LD_RUNPATH_SEARCH_PATHS = (
					"$(inherited)",
					"@executable_path/Frameworks",
				);
				MARKETING_VERSION = 1.0;
				PRODUCT_BUNDLE_IDENTIFIER = anan.Pincode;
				PRODUCT_NAME = "$(TARGET_NAME)";
				SWIFT_EMIT_LOC_STRINGS = YES;
				SWIFT_VERSION = 5.0;
				TARGETED_DEVICE_FAMILY = "1,2";
			};
			name = Release;
		};
		A7EF6F3F29F00A6500BCE6B6 /* Debug */ = {
			isa = XCBuildConfiguration;
			buildSettings = {
				ALWAYS_EMBED_SWIFT_STANDARD_LIBRARIES = YES;
				BUNDLE_LOADER = "$(TEST_HOST)";
				CODE_SIGN_STYLE = Automatic;
				CURRENT_PROJECT_VERSION = 1;
				GENERATE_INFOPLIST_FILE = YES;
				IPHONEOS_DEPLOYMENT_TARGET = 16.2;
				MARKETING_VERSION = 1.0;
				PRODUCT_BUNDLE_IDENTIFIER = anan.PincodeTests;
				PRODUCT_NAME = "$(TARGET_NAME)";
				SWIFT_EMIT_LOC_STRINGS = NO;
				SWIFT_VERSION = 5.0;
				TARGETED_DEVICE_FAMILY = "1,2";
				TEST_HOST = "$(BUILT_PRODUCTS_DIR)/Pincode.app/$(BUNDLE_EXECUTABLE_FOLDER_PATH)/Pincode";
			};
			name = Debug;
		};
		A7EF6F4029F00A6500BCE6B6 /* Release */ = {
			isa = XCBuildConfiguration;
			buildSettings = {
				ALWAYS_EMBED_SWIFT_STANDARD_LIBRARIES = YES;
				BUNDLE_LOADER = "$(TEST_HOST)";
				CODE_SIGN_STYLE = Automatic;
				CURRENT_PROJECT_VERSION = 1;
				GENERATE_INFOPLIST_FILE = YES;
				IPHONEOS_DEPLOYMENT_TARGET = 16.2;
				MARKETING_VERSION = 1.0;
				PRODUCT_BUNDLE_IDENTIFIER = anan.PincodeTests;
				PRODUCT_NAME = "$(TARGET_NAME)";
				SWIFT_EMIT_LOC_STRINGS = NO;
				SWIFT_VERSION = 5.0;
				TARGETED_DEVICE_FAMILY = "1,2";
				TEST_HOST = "$(BUILT_PRODUCTS_DIR)/Pincode.app/$(BUNDLE_EXECUTABLE_FOLDER_PATH)/Pincode";
			};
			name = Release;
		};
		A7EF6F4229F00A6500BCE6B6 /* Debug */ = {
			isa = XCBuildConfiguration;
			buildSettings = {
				ALWAYS_EMBED_SWIFT_STANDARD_LIBRARIES = YES;
				CODE_SIGN_STYLE = Automatic;
				CURRENT_PROJECT_VERSION = 1;
				GENERATE_INFOPLIST_FILE = YES;
				MARKETING_VERSION = 1.0;
				PRODUCT_BUNDLE_IDENTIFIER = anan.PincodeUITests;
				PRODUCT_NAME = "$(TARGET_NAME)";
				SWIFT_EMIT_LOC_STRINGS = NO;
				SWIFT_VERSION = 5.0;
				TARGETED_DEVICE_FAMILY = "1,2";
				TEST_TARGET_NAME = Pincode;
			};
			name = Debug;
		};
		A7EF6F4329F00A6500BCE6B6 /* Release */ = {
			isa = XCBuildConfiguration;
			buildSettings = {
				ALWAYS_EMBED_SWIFT_STANDARD_LIBRARIES = YES;
				CODE_SIGN_STYLE = Automatic;
				CURRENT_PROJECT_VERSION = 1;
				GENERATE_INFOPLIST_FILE = YES;
				MARKETING_VERSION = 1.0;
				PRODUCT_BUNDLE_IDENTIFIER = anan.PincodeUITests;
				PRODUCT_NAME = "$(TARGET_NAME)";
				SWIFT_EMIT_LOC_STRINGS = NO;
				SWIFT_VERSION = 5.0;
				TARGETED_DEVICE_FAMILY = "1,2";
				TEST_TARGET_NAME = Pincode;
			};
			name = Release;
		};
/* End XCBuildConfiguration section */

/* Begin XCConfigurationList section */
		A7EF6F0C29F00A6300BCE6B6 /* Build configuration list for PBXProject "Pincode" */ = {
			isa = XCConfigurationList;
			buildConfigurations = (
				A7EF6F3929F00A6500BCE6B6 /* Debug */,
				A7EF6F3A29F00A6500BCE6B6 /* Release */,
			);
			defaultConfigurationIsVisible = 0;
			defaultConfigurationName = Release;
		};
		A7EF6F3B29F00A6500BCE6B6 /* Build configuration list for PBXNativeTarget "Pincode" */ = {
			isa = XCConfigurationList;
			buildConfigurations = (
				A7EF6F3C29F00A6500BCE6B6 /* Debug */,
				A7EF6F3D29F00A6500BCE6B6 /* Release */,
			);
			defaultConfigurationIsVisible = 0;
			defaultConfigurationName = Release;
		};
		A7EF6F3E29F00A6500BCE6B6 /* Build configuration list for PBXNativeTarget "PincodeTests" */ = {
			isa = XCConfigurationList;
			buildConfigurations = (
				A7EF6F3F29F00A6500BCE6B6 /* Debug */,
				A7EF6F4029F00A6500BCE6B6 /* Release */,
			);
			defaultConfigurationIsVisible = 0;
			defaultConfigurationName = Release;
		};
		A7EF6F4129F00A6500BCE6B6 /* Build configuration list for PBXNativeTarget "PincodeUITests" */ = {
			isa = XCConfigurationList;
			buildConfigurations = (
				A7EF6F4229F00A6500BCE6B6 /* Debug */,
				A7EF6F4329F00A6500BCE6B6 /* Release */,
			);
			defaultConfigurationIsVisible = 0;
			defaultConfigurationName = Release;
		};
/* End XCConfigurationList section */
	};
	rootObject = A7EF6F0929F00A6300BCE6B6 /* Project object */;
}
